
Microsoft Visual Studio Solution File, Format Version 12.00
# Visual Studio 15
VisualStudioVersion = 15.0.27004.2005
MinimumVisualStudioVersion = 10.0.40219.1
Project("{FAE04EC0-301F-11D3-BF4B-00C04F79EFBC}") = "BankTests", "BankTests\BankTests.csproj", "{96B8D954-8543-46F9-B8E0-8F740253C44E}"
EndProject
Project("{FAE04EC0-301F-11D3-BF4B-00C04F79EFBC}") = "BankAccountNS", "BankAccountNS\BankAccountNS.csproj", "{37575DE2-6DFC-4F8B-A5F3-88B5EA53A4D1}"
EndProject
Global
	GlobalSection(SolutionConfigurationPlatforms) = preSolution
		Debug|Any CPU = Debug|Any CPU
		Release|Any CPU = Release|Any CPU
	EndGlobalSection
	GlobalSection(ProjectConfigurationPlatforms) = postSolution
		{96B8D954-8543-46F9-B8E0-8F740253C44E}.Debug|Any CPU.ActiveCfg = Debug|Any CPU
		{96B8D954-8543-46F9-B8E0-8F740253C44E}.Debug|Any CPU.Build.0 = Debug|Any CPU
		{96B8D954-8543-46F9-B8E0-8F740253C44E}.Release|Any CPU.ActiveCfg = Release|Any CPU
		{96B8D954-8543-46F9-B8E0-8F740253C44E}.Release|Any CPU.Build.0 = Release|Any CPU
		{37575DE2-6DFC-4F8B-A5F3-88B5EA53A4D1}.Debug|Any CPU.ActiveCfg = Debug|Any CPU
		{37575DE2-6DFC-4F8B-A5F3-88B5EA53A4D1}.Debug|Any CPU.Build.0 = Debug|Any CPU
		{37575DE2-6DFC-4F8B-A5F3-88B5EA53A4D1}.Release|Any CPU.ActiveCfg = Release|Any CPU
		{37575DE2-6DFC-4F8B-A5F3-88B5EA53A4D1}.Release|Any CPU.Build.0 = Release|Any CPU
	EndGlobalSection
	GlobalSection(SolutionProperties) = preSolution
		HideSolutionNode = FALSE
	EndGlobalSection
	GlobalSection(ExtensibilityGlobals) = postSolution
		SolutionGuid = {7F1BFF57-93D3-4F4E-9FD8-2AB446E78AF7}
	EndGlobalSection
EndGlobal
